
Microsoft Visual Studio Solution File, Format Version 12.00
# Visual Studio for Mac
Project("{FAE04EC0-301F-11D3-BF4B-00C04F79EFBC}") = "Assembly-CSharp", "Assembly-CSharp.csproj", "{A13319C2-A783-223A-BA9F-C9F97E7BB15E}"
EndProject
Project("{FAE04EC0-301F-11D3-BF4B-00C04F79EFBC}") = "Assembly-CSharp-Editor", "Assembly-CSharp-Editor.csproj", "{7349D1F8-4A7E-0E1F-0C0F-53F34CF0B1E7}"
EndProject
Global
	GlobalSection(SolutionConfigurationPlatforms) = preSolution
		Debug|Any CPU = Debug|Any CPU
		Release|Any CPU = Release|Any CPU
	EndGlobalSection
	GlobalSection(ProjectConfigurationPlatforms) = postSolution
		{A13319C2-A783-223A-BA9F-C9F97E7BB15E}.Debug|Any CPU.ActiveCfg = Debug|Any CPU
		{A13319C2-A783-223A-BA9F-C9F97E7BB15E}.Debug|Any CPU.Build.0 = Debug|Any CPU
		{A13319C2-A783-223A-BA9F-C9F97E7BB15E}.Release|Any CPU.ActiveCfg = Release|Any CPU
		{A13319C2-A783-223A-BA9F-C9F97E7BB15E}.Release|Any CPU.Build.0 = Release|Any CPU
		{7349D1F8-4A7E-0E1F-0C0F-53F34CF0B1E7}.Debug|Any CPU.ActiveCfg = Debug|Any CPU
		{7349D1F8-4A7E-0E1F-0C0F-53F34CF0B1E7}.Debug|Any CPU.Build.0 = Debug|Any CPU
		{7349D1F8-4A7E-0E1F-0C0F-53F34CF0B1E7}.Release|Any CPU.ActiveCfg = Release|Any CPU
		{7349D1F8-4A7E-0E1F-0C0F-53F34CF0B1E7}.Release|Any CPU.Build.0 = Release|Any CPU
	EndGlobalSection
	GlobalSection(SolutionProperties) = preSolution
		HideSolutionNode = FALSE
	EndGlobalSection
EndGlobal
